// !$*UTF8*$!
{
	archiveVersion = 1;
	classes = {
	};
	objectVersion = 50;
	objects = {

/* Begin PBXBuildFile section */
		8E4D5F0A26D56805002A6EF5 /* AppDelegate.swift in Sources */ = {isa = PBXBuildFile; fileRef = 8E4D5F0926D56805002A6EF5 /* AppDelegate.swift */; };
		8E4D5F0C26D56805002A6EF5 /* SceneDelegate.swift in Sources */ = {isa = PBXBuildFile; fileRef = 8E4D5F0B26D56805002A6EF5 /* SceneDelegate.swift */; };
		8E4D5F1126D56805002A6EF5 /* Main.storyboard in Resources */ = {isa = PBXBuildFile; fileRef = 8E4D5F0F26D56805002A6EF5 /* Main.storyboard */; };
		8E4D5F1326D56806002A6EF5 /* Assets.xcassets in Resources */ = {isa = PBXBuildFile; fileRef = 8E4D5F1226D56806002A6EF5 /* Assets.xcassets */; };
		8E4D5F1626D56806002A6EF5 /* LaunchScreen.storyboard in Resources */ = {isa = PBXBuildFile; fileRef = 8E4D5F1426D56806002A6EF5 /* LaunchScreen.storyboard */; };
		8E4D5F2026D56870002A6EF5 /* LoginInViewController.swift in Sources */ = {isa = PBXBuildFile; fileRef = 8E4D5F1F26D56870002A6EF5 /* LoginInViewController.swift */; };
		8E4D5F2226D5689F002A6EF5 /* WelcomeViewController.swift in Sources */ = {isa = PBXBuildFile; fileRef = 8E4D5F2126D5689F002A6EF5 /* WelcomeViewController.swift */; };
/* End PBXBuildFile section */

/* Begin PBXFileReference section */
		8E4D5F0626D56805002A6EF5 /* LoginIn.app */ = {isa = PBXFileReference; explicitFileType = wrapper.application; includeInIndex = 0; path = LoginIn.app; sourceTree = BUILT_PRODUCTS_DIR; };
		8E4D5F0926D56805002A6EF5 /* AppDelegate.swift */ = {isa = PBXFileReference; lastKnownFileType = sourcecode.swift; path = AppDelegate.swift; sourceTree = "<group>"; };
		8E4D5F0B26D56805002A6EF5 /* SceneDelegate.swift */ = {isa = PBXFileReference; lastKnownFileType = sourcecode.swift; path = SceneDelegate.swift; sourceTree = "<group>"; };
		8E4D5F1026D56805002A6EF5 /* Base */ = {isa = PBXFileReference; lastKnownFileType = file.storyboard; name = Base; path = Base.lproj/Main.storyboard; sourceTree = "<group>"; };
		8E4D5F1226D56806002A6EF5 /* Assets.xcassets */ = {isa = PBXFileReference; lastKnownFileType = folder.assetcatalog; path = Assets.xcassets; sourceTree = "<group>"; };
		8E4D5F1526D56806002A6EF5 /* Base */ = {isa = PBXFileReference; lastKnownFileType = file.storyboard; name = Base; path = Base.lproj/LaunchScreen.storyboard; sourceTree = "<group>"; };
		8E4D5F1726D56806002A6EF5 /* Info.plist */ = {isa = PBXFileReference; lastKnownFileType = text.plist.xml; path = Info.plist; sourceTree = "<group>"; };
		8E4D5F1F26D56870002A6EF5 /* LoginInViewController.swift */ = {isa = PBXFileReference; lastKnownFileType = sourcecode.swift; path = LoginInViewController.swift; sourceTree = "<group>"; };
		8E4D5F2126D5689F002A6EF5 /* WelcomeViewController.swift */ = {isa = PBXFileReference; lastKnownFileType = sourcecode.swift; path = WelcomeViewController.swift; sourceTree = "<group>"; };
/* End PBXFileReference section */

/* Begin PBXFrameworksBuildPhase section */
		8E4D5F0326D56805002A6EF5 /* Frameworks */ = {
			isa = PBXFrameworksBuildPhase;
			buildActionMask = 2147483647;
			files = (
			);
			runOnlyForDeploymentPostprocessing = 0;
		};
/* End PBXFrameworksBuildPhase section */

/* Begin PBXGroup section */
		8E4D5EFD26D56805002A6EF5 = {
			isa = PBXGroup;
			children = (
				8E4D5F0826D56805002A6EF5 /* LoginIn */,
				8E4D5F0726D56805002A6EF5 /* Products */,
			);
			sourceTree = "<group>";
		};
		8E4D5F0726D56805002A6EF5 /* Products */ = {
			isa = PBXGroup;
			children = (
				8E4D5F0626D56805002A6EF5 /* LoginIn.app */,
			);
			name = Products;
			sourceTree = "<group>";
		};
		8E4D5F0826D56805002A6EF5 /* LoginIn */ = {
			isa = PBXGroup;
			children = (
				8E4D5F0926D56805002A6EF5 /* AppDelegate.swift */,
				8E4D5F0B26D56805002A6EF5 /* SceneDelegate.swift */,
				8E4D5F0F26D56805002A6EF5 /* Main.storyboard */,
				8E4D5F1226D56806002A6EF5 /* Assets.xcassets */,
				8E4D5F1426D56806002A6EF5 /* LaunchScreen.storyboard */,
				8E4D5F1726D56806002A6EF5 /* Info.plist */,
				8E4D5F1F26D56870002A6EF5 /* LoginInViewController.swift */,
				8E4D5F2126D5689F002A6EF5 /* WelcomeViewController.swift */,
			);
			path = LoginIn;
			sourceTree = "<group>";
		};
/* End PBXGroup section */

/* Begin PBXNativeTarget section */
		8E4D5F0526D56805002A6EF5 /* LoginIn */ = {
			isa = PBXNativeTarget;
			buildConfigurationList = 8E4D5F1A26D56806002A6EF5 /* Build configuration list for PBXNativeTarget "LoginIn" */;
			buildPhases = (
				8E4D5F0226D56805002A6EF5 /* Sources */,
				8E4D5F0326D56805002A6EF5 /* Frameworks */,
				8E4D5F0426D56805002A6EF5 /* Resources */,
			);
			buildRules = (
			);
			dependencies = (
			);
			name = LoginIn;
			productName = LoginIn;
			productReference = 8E4D5F0626D56805002A6EF5 /* LoginIn.app */;
			productType = "com.apple.product-type.application";
		};
/* End PBXNativeTarget section */

/* Begin PBXProject section */
		8E4D5EFE26D56805002A6EF5 /* Project object */ = {
			isa = PBXProject;
			attributes = {
				LastSwiftUpdateCheck = 1250;
				LastUpgradeCheck = 1250;
				TargetAttributes = {
					8E4D5F0526D56805002A6EF5 = {
						CreatedOnToolsVersion = 12.5;
					};
				};
			};
			buildConfigurationList = 8E4D5F0126D56805002A6EF5 /* Build configuration list for PBXProject "LoginIn" */;
			compatibilityVersion = "Xcode 9.3";
			developmentRegion = en;
			hasScannedForEncodings = 0;
			knownRegions = (
				en,
				Base,
			);
			mainGroup = 8E4D5EFD26D56805002A6EF5;
			productRefGroup = 8E4D5F0726D56805002A6EF5 /* Products */;
			projectDirPath = "";
			projectRoot = "";
			targets = (
				8E4D5F0526D56805002A6EF5 /* LoginIn */,
			);
		};
/* End PBXProject section */

/* Begin PBXResourcesBuildPhase section */
		8E4D5F0426D56805002A6EF5 /* Resources */ = {
			isa = PBXResourcesBuildPhase;
			buildActionMask = 2147483647;
			files = (
				8E4D5F1626D56806002A6EF5 /* LaunchScreen.storyboard in Resources */,
				8E4D5F1326D56806002A6EF5 /* Assets.xcassets in Resources */,
				8E4D5F1126D56805002A6EF5 /* Main.storyboard in Resources */,
			);
			runOnlyForDeploymentPostprocessing = 0;
		};
/* End PBXResourcesBuildPhase section */

/* Begin PBXSourcesBuildPhase section */
		8E4D5F0226D56805002A6EF5 /* Sources */ = {
			isa = PBXSourcesBuildPhase;
			buildActionMask = 2147483647;
			files = (
				8E4D5F2026D56870002A6EF5 /* LoginInViewController.swift in Sources */,
				8E4D5F2226D5689F002A6EF5 /* WelcomeViewController.swift in Sources */,
				8E4D5F0A26D56805002A6EF5 /* AppDelegate.swift in Sources */,
				8E4D5F0C26D56805002A6EF5 /* SceneDelegate.swift in Sources */,
			);
			runOnlyForDeploymentPostprocessing = 0;
		};
/* End PBXSourcesBuildPhase section */

/* Begin PBXVariantGroup section */
		8E4D5F0F26D56805002A6EF5 /* Main.storyboard */ = {
			isa = PBXVariantGroup;
			children = (
				8E4D5F1026D56805002A6EF5 /* Base */,
			);
			name = Main.storyboard;
			sourceTree = "<group>";
		};
		8E4D5F1426D56806002A6EF5 /* LaunchScreen.storyboard */ = {
			isa = PBXVariantGroup;
			children = (
				8E4D5F1526D56806002A6EF5 /* Base */,
			);
			name = LaunchScreen.storyboard;
			sourceTree = "<group>";
		};
/* End PBXVariantGroup section */

/* Begin XCBuildConfiguration section */
		8E4D5F1826D56806002A6EF5 /* Debug */ = {
			isa = XCBuildConfiguration;
			buildSettings = {
				ALWAYS_SEARCH_USER_PATHS = NO;
				CLANG_ANALYZER_NONNULL = YES;
				CLANG_ANALYZER_NUMBER_OBJECT_CONVERSION = YES_AGGRESSIVE;
				CLANG_CXX_LANGUAGE_STANDARD = "gnu++14";
				CLANG_CXX_LIBRARY = "libc++";
				CLANG_ENABLE_MODULES = YES;
				CLANG_ENABLE_OBJC_ARC = YES;
				CLANG_ENABLE_OBJC_WEAK = YES;
				CLANG_WARN_BLOCK_CAPTURE_AUTORELEASING = YES;
				CLANG_WARN_BOOL_CONVERSION = YES;
				CLANG_WARN_COMMA = YES;
				CLANG_WARN_CONSTANT_CONVERSION = YES;
				CLANG_WARN_DEPRECATED_OBJC_IMPLEMENTATIONS = YES;
				CLANG_WARN_DIRECT_OBJC_ISA_USAGE = YES_ERROR;
				CLANG_WARN_DOCUMENTATION_COMMENTS = YES;
				CLANG_WARN_EMPTY_BODY = YES;
				CLANG_WARN_ENUM_CONVERSION = YES;
				CLANG_WARN_INFINITE_RECURSION = YES;
				CLANG_WARN_INT_CONVERSION = YES;
				CLANG_WARN_NON_LITERAL_NULL_CONVERSION = YES;
				CLANG_WARN_OBJC_IMPLICIT_RETAIN_SELF = YES;
				CLANG_WARN_OBJC_LITERAL_CONVERSION = YES;
				CLANG_WARN_OBJC_ROOT_CLASS = YES_ERROR;
				CLANG_WARN_QUOTED_INCLUDE_IN_FRAMEWORK_HEADER = YES;
				CLANG_WARN_RANGE_LOOP_ANALYSIS = YES;
				CLANG_WARN_STRICT_PROTOTYPES = YES;
				CLANG_WARN_SUSPICIOUS_MOVE = YES;
				CLANG_WARN_UNGUARDED_AVAILABILITY = YES_AGGRESSIVE;
				CLANG_WARN_UNREACHABLE_CODE = YES;
				CLANG_WARN__DUPLICATE_METHOD_MATCH = YES;
				COPY_PHASE_STRIP = NO;
				DEBUG_INFORMATION_FORMAT = dwarf;
				ENABLE_STRICT_OBJC_MSGSEND = YES;
				ENABLE_TESTABILITY = YES;
				GCC_C_LANGUAGE_STANDARD = gnu11;
				GCC_DYNAMIC_NO_PIC = NO;
				GCC_NO_COMMON_BLOCKS = YES;
				GCC_OPTIMIZATION_LEVEL = 0;
				GCC_PREPROCESSOR_DEFINITIONS = (
					"DEBUG=1",
					"$(inherited)",
				);
				GCC_WARN_64_TO_32_BIT_CONVERSION = YES;
				GCC_WARN_ABOUT_RETURN_TYPE = YES_ERROR;
				GCC_WARN_UNDECLARED_SELECTOR = YES;
				GCC_WARN_UNINITIALIZED_AUTOS = YES_AGGRESSIVE;
				GCC_WARN_UNUSED_FUNCTION = YES;
				GCC_WARN_UNUSED_VARIABLE = YES;
				IPHONEOS_DEPLOYMENT_TARGET = 14.5;
				MTL_ENABLE_DEBUG_INFO = INCLUDE_SOURCE;
				MTL_FAST_MATH = YES;
				ONLY_ACTIVE_ARCH = YES;
				SDKROOT = iphoneos;
				SWIFT_ACTIVE_COMPILATION_CONDITIONS = DEBUG;
				SWIFT_OPTIMIZATION_LEVEL = "-Onone";
			};
			name = Debug;
		};
		8E4D5F1926D56806002A6EF5 /* Release */ = {
			isa = XCBuildConfiguration;
			buildSettings = {
				ALWAYS_SEARCH_USER_PATHS = NO;
				CLANG_ANALYZER_NONNULL = YES;
				CLANG_ANALYZER_NUMBER_OBJECT_CONVERSION = YES_AGGRESSIVE;
				CLANG_CXX_LANGUAGE_STANDARD = "gnu++14";
				CLANG_CXX_LIBRARY = "libc++";
				CLANG_ENABLE_MODULES = YES;
				CLANG_ENABLE_OBJC_ARC = YES;
				CLANG_ENABLE_OBJC_WEAK = YES;
				CLANG_WARN_BLOCK_CAPTURE_AUTORELEASING = YES;
				CLANG_WARN_BOOL_CONVERSION = YES;
				CLANG_WARN_COMMA = YES;
				CLANG_WARN_CONSTANT_CONVERSION = YES;
				CLANG_WARN_DEPRECATED_OBJC_IMPLEMENTATIONS = YES;
				CLANG_WARN_DIRECT_OBJC_ISA_USAGE = YES_ERROR;
				CLANG_WARN_DOCUMENTATION_COMMENTS = YES;
				CLANG_WARN_EMPTY_BODY = YES;
				CLANG_WARN_ENUM_CONVERSION = YES;
				CLANG_WARN_INFINITE_RECURSION = YES;
				CLANG_WARN_INT_CONVERSION = YES;
				CLANG_WARN_NON_LITERAL_NULL_CONVERSION = YES;
				CLANG_WARN_OBJC_IMPLICIT_RETAIN_SELF = YES;
				CLANG_WARN_OBJC_LITERAL_CONVERSION = YES;
				CLANG_WARN_OBJC_ROOT_CLASS = YES_ERROR;
				CLANG_WARN_QUOTED_INCLUDE_IN_FRAMEWORK_HEADER = YES;
				CLANG_WARN_RANGE_LOOP_ANALYSIS = YES;
				CLANG_WARN_STRICT_PROTOTYPES = YES;
				CLANG_WARN_SUSPICIOUS_MOVE = YES;
				CLANG_WARN_UNGUARDED_AVAILABILITY = YES_AGGRESSIVE;
				CLANG_WARN_UNREACHABLE_CODE = YES;
				CLANG_WARN__DUPLICATE_METHOD_MATCH = YES;
				COPY_PHASE_STRIP = NO;
				DEBUG_INFORMATION_FORMAT = "dwarf-with-dsym";
				ENABLE_NS_ASSERTIONS = NO;
				ENABLE_STRICT_OBJC_MSGSEND = YES;
				GCC_C_LANGUAGE_STANDARD = gnu11;
				GCC_NO_COMMON_BLOCKS = YES;
				GCC_WARN_64_TO_32_BIT_CONVERSION = YES;
				GCC_WARN_ABOUT_RETURN_TYPE = YES_ERROR;
				GCC_WARN_UNDECLARED_SELECTOR = YES;
				GCC_WARN_UNINITIALIZED_AUTOS = YES_AGGRESSIVE;
				GCC_WARN_UNUSED_FUNCTION = YES;
				GCC_WARN_UNUSED_VARIABLE = YES;
				IPHONEOS_DEPLOYMENT_TARGET = 14.5;
				MTL_ENABLE_DEBUG_INFO = NO;
				MTL_FAST_MATH = YES;
				SDKROOT = iphoneos;
				SWIFT_COMPILATION_MODE = wholemodule;
				SWIFT_OPTIMIZATION_LEVEL = "-O";
				VALIDATE_PRODUCT = YES;
			};
			name = Release;
		};
		8E4D5F1B26D56806002A6EF5 /* Debug */ = {
			isa = XCBuildConfiguration;
			buildSettings = {
				ASSETCATALOG_COMPILER_APPICON_NAME = AppIcon;
				ASSETCATALOG_COMPILER_GLOBAL_ACCENT_COLOR_NAME = AccentColor;
				CODE_SIGN_STYLE = Automatic;
				DEVELOPMENT_TEAM = L9WQ2FGRF6;
				INFOPLIST_FILE = LoginIn/Info.plist;
				LD_RUNPATH_SEARCH_PATHS = (
					"$(inherited)",
					"@executable_path/Frameworks",
				);
				PRODUCT_BUNDLE_IDENTIFIER = igrssv.LoginIn;
				PRODUCT_NAME = "$(TARGET_NAME)";
				SWIFT_VERSION = 5.0;
				TARGETED_DEVICE_FAMILY = 1;
			};
			name = Debug;
		};
		8E4D5F1C26D56806002A6EF5 /* Release */ = {
			isa = XCBuildConfiguration;
			buildSettings = {
				ASSETCATALOG_COMPILER_APPICON_NAME = AppIcon;
				ASSETCATALOG_COMPILER_GLOBAL_ACCENT_COLOR_NAME = AccentColor;
				CODE_SIGN_STYLE = Automatic;
				DEVELOPMENT_TEAM = L9WQ2FGRF6;
				INFOPLIST_FILE = LoginIn/Info.plist;
				LD_RUNPATH_SEARCH_PATHS = (
					"$(inherited)",
					"@executable_path/Frameworks",
				);
				PRODUCT_BUNDLE_IDENTIFIER = igrssv.LoginIn;
				PRODUCT_NAME = "$(TARGET_NAME)";
				SWIFT_VERSION = 5.0;
				TARGETED_DEVICE_FAMILY = 1;
			};
			name = Release;
		};
/* End XCBuildConfiguration section */

/* Begin XCConfigurationList section */
		8E4D5F0126D56805002A6EF5 /* Build configuration list for PBXProject "LoginIn" */ = {
			isa = XCConfigurationList;
			buildConfigurations = (
				8E4D5F1826D56806002A6EF5 /* Debug */,
				8E4D5F1926D56806002A6EF5 /* Release */,
			);
			defaultConfigurationIsVisible = 0;
			defaultConfigurationName = Release;
		};
		8E4D5F1A26D56806002A6EF5 /* Build configuration list for PBXNativeTarget "LoginIn" */ = {
			isa = XCConfigurationList;
			buildConfigurations = (
				8E4D5F1B26D56806002A6EF5 /* Debug */,
				8E4D5F1C26D56806002A6EF5 /* Release */,
			);
			defaultConfigurationIsVisible = 0;
			defaultConfigurationName = Release;
		};
/* End XCConfigurationList section */
	};
	rootObject = 8E4D5EFE26D56805002A6EF5 /* Project object */;
}
